{
    "_readme": [
        "This file locks the dependencies of your project to a known state",
        "Read more about it at https://getcomposer.org/doc/01-basic-usage.md#installing-dependencies",
        "This file is @generated automatically"
    ],
    "content-hash": "df62649b4149c3511c1ce5d21ed944e3",
    "packages": [
        {
            "name": "components/jquery",
            "version": "3.6.0",
            "source": {
                "type": "git",
                "url": "https://github.com/components/jquery.git",
                "reference": "6cf38ee1fd04b6adf8e7dda161283aa35be818c3"
            },
            "dist": {
                "type": "zip",
                "url": "https://api.github.com/repos/components/jquery/zipball/6cf38ee1fd04b6adf8e7dda161283aa35be818c3",
                "reference": "6cf38ee1fd04b6adf8e7dda161283aa35be818c3",
                "shasum": ""
            },
            "type": "component",
            "extra": {
                "component": {
                    "scripts": [
                        "jquery.js"
                    ],
                    "files": [
                        "jquery.min.js",
                        "jquery.min.map",
                        "jquery.slim.js",
                        "jquery.slim.min.js",
                        "jquery.slim.min.map"
                    ]
                }
            },
            "notification-url": "https://packagist.org/downloads/",
            "license": [
                "MIT"
            ],
            "authors": [
                {
                    "name": "JS Foundation and other contributors"
                }
            ],
            "description": "jQuery JavaScript Library",
            "homepage": "http://jquery.com",
            "support": {
                "forum": "http://forum.jquery.com",
                "irc": "irc://irc.freenode.org/jquery",
                "issues": "https://github.com/jquery/jquery/issues",
                "source": "https://github.com/jquery/jquery",
                "wiki": "http://docs.jquery.com/"
            },
            "time": "2021-03-20T19:13:42+00:00"
        },
        {
            "name": "fpdf/fpdf",
            "version": "1.86.0",
            "source": {
                "type": "git",
                "url": "https://github.com/coreydoughty/Fpdf.git",
                "reference": "d2a0cbd9e4b5557b9c6c29ddc8eb2b36d8761e00"
            },
            "dist": {
                "type": "zip",
                "url": "https://api.github.com/repos/coreydoughty/Fpdf/zipball/d2a0cbd9e4b5557b9c6c29ddc8eb2b36d8761e00",
                "reference": "d2a0cbd9e4b5557b9c6c29ddc8eb2b36d8761e00",
                "shasum": ""
            },
            "require": {
                "php": ">=5.6.0"
            },
            "type": "library",
            "extra": {
                "laravel": {
                    "aliases": {
                        "FPDF": "Fpdf\\Fpdf"
                    }
                }
            },
            "autoload": {
                "psr-4": {
                    "Fpdf\\": "src/Fpdf"
                }
            },
            "notification-url": "https://packagist.org/downloads/",
            "license": [
                "MIT"
            ],
            "authors": [
                {
                    "name": "Corey Doughty",
                    "email": "corey@doughty.ca"
                }
            ],
            "description": "FPDF Composer Wrapper",
            "homepage": "https://github.com/coreydoughty/Fpdf",
            "keywords": [
                "fpdf",
                "pdf",
                "wrapper"
            ],
            "support": {
                "issues": "https://github.com/coreydoughty/Fpdf/issues",
                "source": "https://github.com/coreydoughty/Fpdf/tree/1.86.0"
            },
            "time": "2023-07-04T16:41:45+00:00"
        },
        {
            "name": "nnnick/chartjs",
            "version": "v4.3.3",
            "source": {
                "type": "git",
                "url": "https://github.com/chartjs/Chart.js.git",
                "reference": "095a9849f4e2c9a9acc134d107050b6d374fa1b8"
            },
            "dist": {
                "type": "zip",
                "url": "https://api.github.com/repos/chartjs/Chart.js/zipball/095a9849f4e2c9a9acc134d107050b6d374fa1b8",
                "reference": "095a9849f4e2c9a9acc134d107050b6d374fa1b8",
                "shasum": ""
            },
            "require": {
                "php": ">=5.3.3"
            },
            "type": "library",
            "extra": {
                "branch-alias": {
                    "release/2.0": "v2.0-dev"
                }
            },
            "notification-url": "https://packagist.org/downloads/",
            "license": [
                "MIT"
            ],
            "authors": [
                {
                    "name": "NICK DOWNIE",
                    "email": "hello@nickdownie.com"
                }
            ],
            "description": "Simple HTML5 charts using the canvas element.",
            "homepage": "https://www.chartjs.org/",
            "keywords": [
                "JS",
                "chart"
            ],
            "support": {
                "issues": "https://github.com/chartjs/Chart.js/issues",
                "source": "https://github.com/chartjs/Chart.js/tree/v4.3.3"
            },
            "time": "2023-08-02T23:11:12+00:00"
        },
        {
            "name": "phpmailer/phpmailer",
            "version": "v6.8.1",
            "source": {
                "type": "git",
                "url": "https://github.com/PHPMailer/PHPMailer.git",
                "reference": "e88da8d679acc3824ff231fdc553565b802ac016"
            },
            "dist": {
                "type": "zip",
                "url": "https://api.github.com/repos/PHPMailer/PHPMailer/zipball/e88da8d679acc3824ff231fdc553565b802ac016",
                "reference": "e88da8d679acc3824ff231fdc553565b802ac016",
                "shasum": ""
            },
            "require": {
                "ext-ctype": "*",
                "ext-filter": "*",
                "ext-hash": "*",
                "php": ">=5.5.0"
            },
            "require-dev": {
                "dealerdirect/phpcodesniffer-composer-installer": "^1.0",
                "doctrine/annotations": "^1.2.6 || ^1.13.3",
                "php-parallel-lint/php-console-highlighter": "^1.0.0",
                "php-parallel-lint/php-parallel-lint": "^1.3.2",
                "phpcompatibility/php-compatibility": "^9.3.5",
                "roave/security-advisories": "dev-latest",
                "squizlabs/php_codesniffer": "^3.7.2",
                "yoast/phpunit-polyfills": "^1.0.4"
            },
            "suggest": {
                "ext-mbstring": "Needed to send email in multibyte encoding charset or decode encoded addresses",
                "ext-openssl": "Needed for secure SMTP sending and DKIM signing",
                "greew/oauth2-azure-provider": "Needed for Microsoft Azure XOAUTH2 authentication",
                "hayageek/oauth2-yahoo": "Needed for Yahoo XOAUTH2 authentication",
                "league/oauth2-google": "Needed for Google XOAUTH2 authentication",
                "psr/log": "For optional PSR-3 debug logging",
                "symfony/polyfill-mbstring": "To support UTF-8 if the Mbstring PHP extension is not enabled (^1.2)",
                "thenetworg/oauth2-azure": "Needed for Microsoft XOAUTH2 authentication"
            },
            "type": "library",
            "autoload": {
                "psr-4": {
                    "PHPMailer\\PHPMailer\\": "src/"
                }
            },
            "notification-url": "https://packagist.org/downloads/",
            "license": [
                "LGPL-2.1-only"
            ],
            "authors": [
                {
                    "name": "Marcus Bointon",
                    "email": "phpmailer@synchromedia.co.uk"
                },
                {
                    "name": "Jim Jagielski",
                    "email": "jimjag@gmail.com"
                },
                {
                    "name": "Andy Prevost",
                    "email": "codeworxtech@users.sourceforge.net"
                },
                {
                    "name": "Brent R. Matzelle"
                }
            ],
            "description": "PHPMailer is a full-featured email creation and transfer class for PHP",
            "support": {
                "issues": "https://github.com/PHPMailer/PHPMailer/issues",
                "source": "https://github.com/PHPMailer/PHPMailer/tree/v6.8.1"
            },
            "funding": [
                {
                    "url": "https://github.com/Synchro",
                    "type": "github"
                }
            ],
            "time": "2023-08-29T08:26:30+00:00"
        }
    ],
    "packages-dev": [],
    "aliases": [],
    "minimum-stability": "stable",
    "stability-flags": [],
    "prefer-stable": false,
    "prefer-lowest": false,
    "platform": [],
    "platform-dev": [],
    "plugin-api-version": "2.3.0"
}
